
Microsoft Visual Studio Solution File, Format Version 12.00
# Visual Studio Version 17
VisualStudioVersion = 17.13.35806.99
MinimumVisualStudioVersion = 10.0.40219.1
Project("{2150E333-8FDC-42A3-9474-1A3956D46DE8}") = "Services", "Services", "{02EA681E-C7D8-13C7-8484-4AC65E1B71E8}"
EndProject
Project("{2150E333-8FDC-42A3-9474-1A3956D46DE8}") = "Catalog", "Catalog", "{9FE8030B-0F2E-46E6-BE93-486FAC965601}"
EndProject
Project("{FAE04EC0-301F-11D3-BF4B-00C04F79EFBC}") = "ECommerce.Catalog", "Services\Catalog\ECommerce.Catalog\ECommerce.Catalog.csproj", "{49033F7F-BE9A-4C73-A77C-085AA85E2B1C}"
EndProject
Project("{2150E333-8FDC-42A3-9474-1A3956D46DE8}") = "Discount", "Discount", "{22D634B9-4008-4F99-9EDD-BB3A6BA2DCFC}"
EndProject
Project("{FAE04EC0-301F-11D3-BF4B-00C04F79EFBC}") = "ECommerce.Discount", "Services\Discount\ECommerce.Discount\ECommerce.Discount.csproj", "{45CA5133-B429-46E3-8C69-5465AFFE2957}"
EndProject
Project("{2150E333-8FDC-42A3-9474-1A3956D46DE8}") = "Order", "Order", "{476A20E6-75B1-4A69-8FD8-25C2E58763CA}"
EndProject
Project("{2150E333-8FDC-42A3-9474-1A3956D46DE8}") = "Core", "Core", "{4CB5DB74-81F2-49C6-9D0F-2767D7BAEB66}"
EndProject
Project("{2150E333-8FDC-42A3-9474-1A3956D46DE8}") = "Infrastructure", "Infrastructure", "{E87C24D8-A816-41BB-88DE-30057F43DE21}"
EndProject
Project("{2150E333-8FDC-42A3-9474-1A3956D46DE8}") = "UI", "UI", "{BB3A9FC4-FA19-4D13-A6D0-47867D5065A7}"
EndProject
Project("{FAE04EC0-301F-11D3-BF4B-00C04F79EFBC}") = "ECommerce.Order.Domain", "Services\Order\Core\ECommerce.Order.Domain\ECommerce.Order.Domain.csproj", "{FF21DA5D-09A8-4011-A211-DDDA971958F8}"
EndProject
Project("{FAE04EC0-301F-11D3-BF4B-00C04F79EFBC}") = "ECommerce.Order.Application", "Services\Order\Core\ECommerce.Order.Application\ECommerce.Order.Application.csproj", "{F8FD48C0-9F16-4B75-AF96-F799573C71F5}"
EndProject
Project("{FAE04EC0-301F-11D3-BF4B-00C04F79EFBC}") = "ECommerce.Order.Persistence", "Services\Order\Infrastructure\ECommerce.Order.Persistence\ECommerce.Order.Persistence.csproj", "{2BABEE22-9F54-4589-817D-8D92EC67421E}"
EndProject
Project("{FAE04EC0-301F-11D3-BF4B-00C04F79EFBC}") = "ECommerce.Order.WebAPI", "Services\Order\UI\ECommerce.Order.WebAPI\ECommerce.Order.WebAPI.csproj", "{19D3D0CA-F5AA-4E81-91B8-4A3EBE43F9CF}"
EndProject
Project("{FAE04EC0-301F-11D3-BF4B-00C04F79EFBC}") = "ECommerce.IdentityServer", "IdentityServer\ECommerce.IdentityServer\ECommerce.IdentityServer.csproj", "{7A59FE07-7EDD-DA0B-6465-363AE1E5CEC5}"
EndProject
Project("{2150E333-8FDC-42A3-9474-1A3956D46DE8}") = "IdentityServer", "IdentityServer", "{A2269FB1-3006-404C-B997-DA918FBA66A2}"
EndProject
Global
	GlobalSection(SolutionConfigurationPlatforms) = preSolution
		Debug|Any CPU = Debug|Any CPU
		Release|Any CPU = Release|Any CPU
	EndGlobalSection
	GlobalSection(ProjectConfigurationPlatforms) = postSolution
		{49033F7F-BE9A-4C73-A77C-085AA85E2B1C}.Debug|Any CPU.ActiveCfg = Debug|Any CPU
		{49033F7F-BE9A-4C73-A77C-085AA85E2B1C}.Debug|Any CPU.Build.0 = Debug|Any CPU
		{49033F7F-BE9A-4C73-A77C-085AA85E2B1C}.Release|Any CPU.ActiveCfg = Release|Any CPU
		{49033F7F-BE9A-4C73-A77C-085AA85E2B1C}.Release|Any CPU.Build.0 = Release|Any CPU
		{45CA5133-B429-46E3-8C69-5465AFFE2957}.Debug|Any CPU.ActiveCfg = Debug|Any CPU
		{45CA5133-B429-46E3-8C69-5465AFFE2957}.Debug|Any CPU.Build.0 = Debug|Any CPU
		{45CA5133-B429-46E3-8C69-5465AFFE2957}.Release|Any CPU.ActiveCfg = Release|Any CPU
		{45CA5133-B429-46E3-8C69-5465AFFE2957}.Release|Any CPU.Build.0 = Release|Any CPU
		{FF21DA5D-09A8-4011-A211-DDDA971958F8}.Debug|Any CPU.ActiveCfg = Debug|Any CPU
		{FF21DA5D-09A8-4011-A211-DDDA971958F8}.Debug|Any CPU.Build.0 = Debug|Any CPU
		{FF21DA5D-09A8-4011-A211-DDDA971958F8}.Release|Any CPU.ActiveCfg = Release|Any CPU
		{FF21DA5D-09A8-4011-A211-DDDA971958F8}.Release|Any CPU.Build.0 = Release|Any CPU
		{F8FD48C0-9F16-4B75-AF96-F799573C71F5}.Debug|Any CPU.ActiveCfg = Debug|Any CPU
		{F8FD48C0-9F16-4B75-AF96-F799573C71F5}.Debug|Any CPU.Build.0 = Debug|Any CPU
		{F8FD48C0-9F16-4B75-AF96-F799573C71F5}.Release|Any CPU.ActiveCfg = Release|Any CPU
		{F8FD48C0-9F16-4B75-AF96-F799573C71F5}.Release|Any CPU.Build.0 = Release|Any CPU
		{2BABEE22-9F54-4589-817D-8D92EC67421E}.Debug|Any CPU.ActiveCfg = Debug|Any CPU
		{2BABEE22-9F54-4589-817D-8D92EC67421E}.Debug|Any CPU.Build.0 = Debug|Any CPU
		{2BABEE22-9F54-4589-817D-8D92EC67421E}.Release|Any CPU.ActiveCfg = Release|Any CPU
		{2BABEE22-9F54-4589-817D-8D92EC67421E}.Release|Any CPU.Build.0 = Release|Any CPU
		{19D3D0CA-F5AA-4E81-91B8-4A3EBE43F9CF}.Debug|Any CPU.ActiveCfg = Debug|Any CPU
		{19D3D0CA-F5AA-4E81-91B8-4A3EBE43F9CF}.Debug|Any CPU.Build.0 = Debug|Any CPU
		{19D3D0CA-F5AA-4E81-91B8-4A3EBE43F9CF}.Release|Any CPU.ActiveCfg = Release|Any CPU
		{19D3D0CA-F5AA-4E81-91B8-4A3EBE43F9CF}.Release|Any CPU.Build.0 = Release|Any CPU
		{7A59FE07-7EDD-DA0B-6465-363AE1E5CEC5}.Debug|Any CPU.ActiveCfg = Debug|Any CPU
		{7A59FE07-7EDD-DA0B-6465-363AE1E5CEC5}.Debug|Any CPU.Build.0 = Debug|Any CPU
		{7A59FE07-7EDD-DA0B-6465-363AE1E5CEC5}.Release|Any CPU.ActiveCfg = Release|Any CPU
		{7A59FE07-7EDD-DA0B-6465-363AE1E5CEC5}.Release|Any CPU.Build.0 = Release|Any CPU
	EndGlobalSection
	GlobalSection(SolutionProperties) = preSolution
		HideSolutionNode = FALSE
	EndGlobalSection
	GlobalSection(NestedProjects) = preSolution
		{9FE8030B-0F2E-46E6-BE93-486FAC965601} = {02EA681E-C7D8-13C7-8484-4AC65E1B71E8}
		{49033F7F-BE9A-4C73-A77C-085AA85E2B1C} = {9FE8030B-0F2E-46E6-BE93-486FAC965601}
		{22D634B9-4008-4F99-9EDD-BB3A6BA2DCFC} = {02EA681E-C7D8-13C7-8484-4AC65E1B71E8}
		{45CA5133-B429-46E3-8C69-5465AFFE2957} = {22D634B9-4008-4F99-9EDD-BB3A6BA2DCFC}
		{476A20E6-75B1-4A69-8FD8-25C2E58763CA} = {02EA681E-C7D8-13C7-8484-4AC65E1B71E8}
		{4CB5DB74-81F2-49C6-9D0F-2767D7BAEB66} = {476A20E6-75B1-4A69-8FD8-25C2E58763CA}
		{E87C24D8-A816-41BB-88DE-30057F43DE21} = {476A20E6-75B1-4A69-8FD8-25C2E58763CA}
		{BB3A9FC4-FA19-4D13-A6D0-47867D5065A7} = {476A20E6-75B1-4A69-8FD8-25C2E58763CA}
		{FF21DA5D-09A8-4011-A211-DDDA971958F8} = {4CB5DB74-81F2-49C6-9D0F-2767D7BAEB66}
		{F8FD48C0-9F16-4B75-AF96-F799573C71F5} = {4CB5DB74-81F2-49C6-9D0F-2767D7BAEB66}
		{2BABEE22-9F54-4589-817D-8D92EC67421E} = {E87C24D8-A816-41BB-88DE-30057F43DE21}
		{19D3D0CA-F5AA-4E81-91B8-4A3EBE43F9CF} = {BB3A9FC4-FA19-4D13-A6D0-47867D5065A7}
		{7A59FE07-7EDD-DA0B-6465-363AE1E5CEC5} = {A2269FB1-3006-404C-B997-DA918FBA66A2}
	EndGlobalSection
	GlobalSection(ExtensibilityGlobals) = postSolution
		SolutionGuid = {09AE6C98-2054-4F41-A521-241BBDE8F015}
	EndGlobalSection
EndGlobal
